{
    "name": "bosco",
    "version": "1.0.0",
    "lockfileVersion": 3,
    "requires": true,
    "packages": {
        "": {
            "name": "bosco",
            "version": "1.0.0",
            "dependencies": {
                "cors": "...",
                "dotenv": "...",
                "express": "...",
                "mysql2": "..."
            }
        },
        "...": {},
        "node_modules/cors": {
            "resolved": "...",
            "link": true
        },
        "node_modules/dotenv": {
            "resolved": "...",
            "link": true
        },
        "node_modules/express": {
            "resolved": "...",
            "link": true
        },
        "node_modules/mysql2": {
            "resolved": "...",
            "link": true
        }
    }
}
